
Microsoft Visual Studio Solution File, Format Version 12.00
# Visual Studio Version 16
VisualStudioVersion = 16.0.29418.71
MinimumVisualStudioVersion = 10.0.40219.1
Project("{BBD0F5D1-1CC4-42FD-BA4C-A96779C64378}") = "Services", "Services\Services.synproj", "{EBAADA64-3119-4308-A554-A005081F1CBF}"
EndProject
Project("{BBD0F5D1-1CC4-42FD-BA4C-A96779C64378}") = "Services.Host", "Services.Host\Services.Host.synproj", "{82AF691B-B148-4A17-BDC1-28692F56739E}"
EndProject
Project("{2150E333-8FDC-42A3-9474-1A3956D46DE8}") = "Templates", "Templates", "{6C9AD151-7DA4-477B-A52C-FB883D9D1057}"
	ProjectSection(SolutionItems) = preProject
		Templates\HarmonyCoreCustomization.tpl = Templates\HarmonyCoreCustomization.tpl
		Templates\ODataClientModel.tpl = Templates\ODataClientModel.tpl
		Templates\ODataController.tpl = Templates\ODataController.tpl
		Templates\ODataControllerPropertyEndpoints.tpl = Templates\ODataControllerPropertyEndpoints.tpl
		Templates\ODataCustomAuthController.tpl = Templates\ODataCustomAuthController.tpl
		Templates\ODataCustomAuthModels.tpl = Templates\ODataCustomAuthModels.tpl
		Templates\ODataCustomAuthTools.tpl = Templates\ODataCustomAuthTools.tpl
		Templates\ODataDbContext.tpl = Templates\ODataDbContext.tpl
		Templates\ODataEdmBuilder.tpl = Templates\ODataEdmBuilder.tpl
		Templates\ODataMetaData.tpl = Templates\ODataMetaData.tpl
		Templates\ODataModel.tpl = Templates\ODataModel.tpl
		Templates\ODataPostManTests.tpl = Templates\ODataPostManTests.tpl
		Templates\ODataSelfHost.tpl = Templates\ODataSelfHost.tpl
		Templates\ODataSelfHostEnvironment.tpl = Templates\ODataSelfHostEnvironment.tpl
		Templates\ODataStartup.tpl = Templates\ODataStartup.tpl
		Templates\ODataTestConstantsProperties.tpl = Templates\ODataTestConstantsProperties.tpl
		Templates\ODataTestConstantsValues.tpl = Templates\ODataTestConstantsValues.tpl
		Templates\ODataTestDataLoader.tpl = Templates\ODataTestDataLoader.tpl
		Templates\ODataTestEnvironment.tpl = Templates\ODataTestEnvironment.tpl
		Templates\ODataUnitTestEnvironment.tpl = Templates\ODataUnitTestEnvironment.tpl
		Templates\ODataUnitTestHost.tpl = Templates\ODataUnitTestHost.tpl
		Templates\ODataUnitTests.tpl = Templates\ODataUnitTests.tpl
	EndProjectSection
EndProject
Project("{2150E333-8FDC-42A3-9474-1A3956D46DE8}") = "Solution Items", "Solution Items", "{29AEA4C4-62B2-4F46-9B80-5F061D950BE1}"
	ProjectSection(SolutionItems) = preProject
		publish.bat = publish.bat
		regen.bat = regen.bat
		UserDefinedTokens.tkn = UserDefinedTokens.tkn
	EndProjectSection
EndProject
Project("{BBD0F5D1-1CC4-42FD-BA4C-A96779C64378}") = "Services.Isolated", "Services.Isolated\Services.Isolated.synproj", "{4AEEC42C-5B50-488A-AFE0-D72A3944D5D1}"
EndProject
Project("{BBD0F5D1-1CC4-42FD-BA4C-A96779C64378}") = "Services.Models", "Services.Models\Services.Models.synproj", "{DFEFBBD6-E35B-4D2B-A553-8CF124799EB7}"
EndProject
Project("{BBD0F5D1-1CC4-42FD-BA4C-A96779C64378}") = "Services.Controllers", "Services.Controllers\Services.Controllers.synproj", "{FB2AFD1E-8A67-420B-A3D4-E380D0164EC8}"
EndProject
Project("{BBD0F5D1-1CC4-42FD-BA4C-A96779C64378}") = "Repository", "Repository\Repository.synproj", "{CC6C33FB-C46C-4484-972C-C454743F8ADD}"
EndProject
Project("{2150E333-8FDC-42A3-9474-1A3956D46DE8}") = "TraditionalBridge", "TraditionalBridge", "{1E3F00B9-F73D-459B-A8DB-310E97FEE18C}"
	ProjectSection(SolutionItems) = preProject
		Templates\TraditionalBridge\GlobalStructures.tpl = Templates\TraditionalBridge\GlobalStructures.tpl
		Templates\TraditionalBridge\InterfaceController.tpl = Templates\TraditionalBridge\InterfaceController.tpl
		Templates\TraditionalBridge\InterfaceDispatcher.tpl = Templates\TraditionalBridge\InterfaceDispatcher.tpl
		Templates\TraditionalBridge\InterfaceDispatcherData.tpl = Templates\TraditionalBridge\InterfaceDispatcherData.tpl
		Templates\TraditionalBridge\InterfaceMethodDispatchers.tpl = Templates\TraditionalBridge\InterfaceMethodDispatchers.tpl
		Templates\TraditionalBridge\InterfacePostmanTests.tpl = Templates\TraditionalBridge\InterfacePostmanTests.tpl
		Templates\TraditionalBridge\InterfaceService.tpl = Templates\TraditionalBridge\InterfaceService.tpl
		Templates\TraditionalBridge\InterfaceServiceModels.tpl = Templates\TraditionalBridge\InterfaceServiceModels.tpl
		Templates\TraditionalBridge\InterfaceTestResponses.tpl = Templates\TraditionalBridge\InterfaceTestResponses.tpl
		Templates\TraditionalBridge\ODataActionModels.tpl = Templates\TraditionalBridge\ODataActionModels.tpl
		Templates\TraditionalBridge\ODataMetaData.tpl = Templates\TraditionalBridge\ODataMetaData.tpl
		Templates\TraditionalBridge\ODataModel.tpl = Templates\TraditionalBridge\ODataModel.tpl
		Templates\TraditionalBridge\OptionalParameterMethodDispatchers.tpl = Templates\TraditionalBridge\OptionalParameterMethodDispatchers.tpl
		Templates\TraditionalBridge\TraditionalBridgeInterfaceServiceModels.tpl = Templates\TraditionalBridge\TraditionalBridgeInterfaceServiceModels.tpl
		Templates\TraditionalBridge\TraditionalMetaData.tpl = Templates\TraditionalBridge\TraditionalMetaData.tpl
		Templates\TraditionalBridge\TraditionalModel.tpl = Templates\TraditionalBridge\TraditionalModel.tpl
	EndProjectSection
EndProject
Project("{2150E333-8FDC-42A3-9474-1A3956D46DE8}") = "SignalR", "SignalR", "{F11D78B0-4DF7-453C-854C-A87CA031EC84}"
	ProjectSection(SolutionItems) = preProject
		Templates\SignalR\SignalRHub.tpl = Templates\SignalR\SignalRHub.tpl
	EndProjectSection
EndProject
Global
	GlobalSection(SolutionConfigurationPlatforms) = preSolution
		Debug|Any CPU = Debug|Any CPU
		Debug|x64 = Debug|x64
		Debug|x86 = Debug|x86
		Release|Any CPU = Release|Any CPU
		Release|x64 = Release|x64
		Release|x86 = Release|x86
	EndGlobalSection
	GlobalSection(ProjectConfigurationPlatforms) = postSolution
		{EBAADA64-3119-4308-A554-A005081F1CBF}.Debug|Any CPU.ActiveCfg = Debug|Any CPU
		{EBAADA64-3119-4308-A554-A005081F1CBF}.Debug|Any CPU.Build.0 = Debug|Any CPU
		{EBAADA64-3119-4308-A554-A005081F1CBF}.Debug|x64.ActiveCfg = Debug|Any CPU
		{EBAADA64-3119-4308-A554-A005081F1CBF}.Debug|x64.Build.0 = Debug|Any CPU
		{EBAADA64-3119-4308-A554-A005081F1CBF}.Debug|x86.ActiveCfg = Debug|x86
		{EBAADA64-3119-4308-A554-A005081F1CBF}.Debug|x86.Build.0 = Debug|x86
		{EBAADA64-3119-4308-A554-A005081F1CBF}.Release|Any CPU.ActiveCfg = Release|Any CPU
		{EBAADA64-3119-4308-A554-A005081F1CBF}.Release|Any CPU.Build.0 = Release|Any CPU
		{EBAADA64-3119-4308-A554-A005081F1CBF}.Release|x64.ActiveCfg = Release|Any CPU
		{EBAADA64-3119-4308-A554-A005081F1CBF}.Release|x64.Build.0 = Release|Any CPU
		{EBAADA64-3119-4308-A554-A005081F1CBF}.Release|x86.ActiveCfg = Release|x86
		{EBAADA64-3119-4308-A554-A005081F1CBF}.Release|x86.Build.0 = Release|x86
		{82AF691B-B148-4A17-BDC1-28692F56739E}.Debug|Any CPU.ActiveCfg = Debug|Any CPU
		{82AF691B-B148-4A17-BDC1-28692F56739E}.Debug|Any CPU.Build.0 = Debug|Any CPU
		{82AF691B-B148-4A17-BDC1-28692F56739E}.Debug|x64.ActiveCfg = Debug|Any CPU
		{82AF691B-B148-4A17-BDC1-28692F56739E}.Debug|x64.Build.0 = Debug|Any CPU
		{82AF691B-B148-4A17-BDC1-28692F56739E}.Debug|x86.ActiveCfg = Debug|Any CPU
		{82AF691B-B148-4A17-BDC1-28692F56739E}.Debug|x86.Build.0 = Debug|Any CPU
		{82AF691B-B148-4A17-BDC1-28692F56739E}.Release|Any CPU.ActiveCfg = Release|Any CPU
		{82AF691B-B148-4A17-BDC1-28692F56739E}.Release|Any CPU.Build.0 = Release|Any CPU
		{82AF691B-B148-4A17-BDC1-28692F56739E}.Release|x64.ActiveCfg = Release|Any CPU
		{82AF691B-B148-4A17-BDC1-28692F56739E}.Release|x64.Build.0 = Release|Any CPU
		{82AF691B-B148-4A17-BDC1-28692F56739E}.Release|x86.ActiveCfg = Release|Any CPU
		{82AF691B-B148-4A17-BDC1-28692F56739E}.Release|x86.Build.0 = Release|Any CPU
		{4AEEC42C-5B50-488A-AFE0-D72A3944D5D1}.Debug|Any CPU.ActiveCfg = Debug|Any CPU
		{4AEEC42C-5B50-488A-AFE0-D72A3944D5D1}.Debug|Any CPU.Build.0 = Debug|Any CPU
		{4AEEC42C-5B50-488A-AFE0-D72A3944D5D1}.Debug|x64.ActiveCfg = Debug|Any CPU
		{4AEEC42C-5B50-488A-AFE0-D72A3944D5D1}.Debug|x64.Build.0 = Debug|Any CPU
		{4AEEC42C-5B50-488A-AFE0-D72A3944D5D1}.Debug|x86.ActiveCfg = Debug|x86
		{4AEEC42C-5B50-488A-AFE0-D72A3944D5D1}.Debug|x86.Build.0 = Debug|x86
		{4AEEC42C-5B50-488A-AFE0-D72A3944D5D1}.Release|Any CPU.ActiveCfg = Release|Any CPU
		{4AEEC42C-5B50-488A-AFE0-D72A3944D5D1}.Release|Any CPU.Build.0 = Release|Any CPU
		{4AEEC42C-5B50-488A-AFE0-D72A3944D5D1}.Release|x64.ActiveCfg = Release|Any CPU
		{4AEEC42C-5B50-488A-AFE0-D72A3944D5D1}.Release|x64.Build.0 = Release|Any CPU
		{4AEEC42C-5B50-488A-AFE0-D72A3944D5D1}.Release|x86.ActiveCfg = Release|x86
		{4AEEC42C-5B50-488A-AFE0-D72A3944D5D1}.Release|x86.Build.0 = Release|x86
		{DFEFBBD6-E35B-4D2B-A553-8CF124799EB7}.Debug|Any CPU.ActiveCfg = Debug|Any CPU
		{DFEFBBD6-E35B-4D2B-A553-8CF124799EB7}.Debug|Any CPU.Build.0 = Debug|Any CPU
		{DFEFBBD6-E35B-4D2B-A553-8CF124799EB7}.Debug|x64.ActiveCfg = Debug|Any CPU
		{DFEFBBD6-E35B-4D2B-A553-8CF124799EB7}.Debug|x64.Build.0 = Debug|Any CPU
		{DFEFBBD6-E35B-4D2B-A553-8CF124799EB7}.Debug|x86.ActiveCfg = Debug|x86
		{DFEFBBD6-E35B-4D2B-A553-8CF124799EB7}.Debug|x86.Build.0 = Debug|x86
		{DFEFBBD6-E35B-4D2B-A553-8CF124799EB7}.Release|Any CPU.ActiveCfg = Release|Any CPU
		{DFEFBBD6-E35B-4D2B-A553-8CF124799EB7}.Release|Any CPU.Build.0 = Release|Any CPU
		{DFEFBBD6-E35B-4D2B-A553-8CF124799EB7}.Release|x64.ActiveCfg = Release|Any CPU
		{DFEFBBD6-E35B-4D2B-A553-8CF124799EB7}.Release|x64.Build.0 = Release|Any CPU
		{DFEFBBD6-E35B-4D2B-A553-8CF124799EB7}.Release|x86.ActiveCfg = Release|x86
		{DFEFBBD6-E35B-4D2B-A553-8CF124799EB7}.Release|x86.Build.0 = Release|x86
		{FB2AFD1E-8A67-420B-A3D4-E380D0164EC8}.Debug|Any CPU.ActiveCfg = Debug|Any CPU
		{FB2AFD1E-8A67-420B-A3D4-E380D0164EC8}.Debug|Any CPU.Build.0 = Debug|Any CPU
		{FB2AFD1E-8A67-420B-A3D4-E380D0164EC8}.Debug|x64.ActiveCfg = Debug|Any CPU
		{FB2AFD1E-8A67-420B-A3D4-E380D0164EC8}.Debug|x64.Build.0 = Debug|Any CPU
		{FB2AFD1E-8A67-420B-A3D4-E380D0164EC8}.Debug|x86.ActiveCfg = Debug|x86
		{FB2AFD1E-8A67-420B-A3D4-E380D0164EC8}.Debug|x86.Build.0 = Debug|x86
		{FB2AFD1E-8A67-420B-A3D4-E380D0164EC8}.Release|Any CPU.ActiveCfg = Release|Any CPU
		{FB2AFD1E-8A67-420B-A3D4-E380D0164EC8}.Release|Any CPU.Build.0 = Release|Any CPU
		{FB2AFD1E-8A67-420B-A3D4-E380D0164EC8}.Release|x64.ActiveCfg = Release|Any CPU
		{FB2AFD1E-8A67-420B-A3D4-E380D0164EC8}.Release|x64.Build.0 = Release|Any CPU
		{FB2AFD1E-8A67-420B-A3D4-E380D0164EC8}.Release|x86.ActiveCfg = Release|x86
		{FB2AFD1E-8A67-420B-A3D4-E380D0164EC8}.Release|x86.Build.0 = Release|x86
		{CC6C33FB-C46C-4484-972C-C454743F8ADD}.Debug|Any CPU.ActiveCfg = Debug|Any CPU
		{CC6C33FB-C46C-4484-972C-C454743F8ADD}.Debug|Any CPU.Build.0 = Debug|Any CPU
		{CC6C33FB-C46C-4484-972C-C454743F8ADD}.Debug|x64.ActiveCfg = Debug|Any CPU
		{CC6C33FB-C46C-4484-972C-C454743F8ADD}.Debug|x64.Build.0 = Debug|Any CPU
		{CC6C33FB-C46C-4484-972C-C454743F8ADD}.Debug|x86.ActiveCfg = Debug|Any CPU
		{CC6C33FB-C46C-4484-972C-C454743F8ADD}.Debug|x86.Build.0 = Debug|Any CPU
		{CC6C33FB-C46C-4484-972C-C454743F8ADD}.Release|Any CPU.ActiveCfg = Release|Any CPU
		{CC6C33FB-C46C-4484-972C-C454743F8ADD}.Release|Any CPU.Build.0 = Release|Any CPU
		{CC6C33FB-C46C-4484-972C-C454743F8ADD}.Release|x64.ActiveCfg = Release|Any CPU
		{CC6C33FB-C46C-4484-972C-C454743F8ADD}.Release|x64.Build.0 = Release|Any CPU
		{CC6C33FB-C46C-4484-972C-C454743F8ADD}.Release|x86.ActiveCfg = Release|Any CPU
		{CC6C33FB-C46C-4484-972C-C454743F8ADD}.Release|x86.Build.0 = Release|Any CPU
	EndGlobalSection
	GlobalSection(SolutionProperties) = preSolution
		HideSolutionNode = FALSE
	EndGlobalSection
	GlobalSection(NestedProjects) = preSolution
		{1E3F00B9-F73D-459B-A8DB-310E97FEE18C} = {6C9AD151-7DA4-477B-A52C-FB883D9D1057}
		{F11D78B0-4DF7-453C-854C-A87CA031EC84} = {6C9AD151-7DA4-477B-A52C-FB883D9D1057}
	EndGlobalSection
	GlobalSection(ExtensibilityGlobals) = postSolution
		SolutionGuid = {61049BAC-F01A-406C-9BE7-76FE264CAFC4}
	EndGlobalSection
EndGlobal
